// !$*UTF8*$!
{
	archiveVersion = 1;
	classes = {
	};
	objectVersion = 50;
	objects = {

/* Begin PBXBuildFile section */
		304095D4CBCE3E96ECBEC3D3 /* libPods-WYGeneralPickerDemo.a in Frameworks */ = {isa = PBXBuildFile; fileRef = E0DEB15B7C4CC6634ECA40EA /* libPods-WYGeneralPickerDemo.a */; };
		932C310B20A539380079BA6E /* AppDelegate.m in Sources */ = {isa = PBXBuildFile; fileRef = 932C310A20A539380079BA6E /* AppDelegate.m */; };
		932C310E20A539380079BA6E /* ViewController.m in Sources */ = {isa = PBXBuildFile; fileRef = 932C310D20A539380079BA6E /* ViewController.m */; };
		932C311120A539380079BA6E /* Main.storyboard in Resources */ = {isa = PBXBuildFile; fileRef = 932C310F20A539380079BA6E /* Main.storyboard */; };
		932C311320A539390079BA6E /* Assets.xcassets in Resources */ = {isa = PBXBuildFile; fileRef = 932C311220A539390079BA6E /* Assets.xcassets */; };
		932C311620A539390079BA6E /* LaunchScreen.storyboard in Resources */ = {isa = PBXBuildFile; fileRef = 932C311420A539390079BA6E /* LaunchScreen.storyboard */; };
		932C311920A539390079BA6E /* main.m in Sources */ = {isa = PBXBuildFile; fileRef = 932C311820A539390079BA6E /* main.m */; };
/* End PBXBuildFile section */

/* Begin PBXFileReference section */
		0CBA136355B5A5BBE2BF2C72 /* Pods-WYGeneralPickerDemo.release.xcconfig */ = {isa = PBXFileReference; includeInIndex = 1; lastKnownFileType = text.xcconfig; name = "Pods-WYGeneralPickerDemo.release.xcconfig"; path = "Pods/Target Support Files/Pods-WYGeneralPickerDemo/Pods-WYGeneralPickerDemo.release.xcconfig"; sourceTree = "<group>"; };
		932C310620A539380079BA6E /* WYGeneralPickerDemo.app */ = {isa = PBXFileReference; explicitFileType = wrapper.application; includeInIndex = 0; path = WYGeneralPickerDemo.app; sourceTree = BUILT_PRODUCTS_DIR; };
		932C310920A539380079BA6E /* AppDelegate.h */ = {isa = PBXFileReference; lastKnownFileType = sourcecode.c.h; path = AppDelegate.h; sourceTree = "<group>"; };
		932C310A20A539380079BA6E /* AppDelegate.m */ = {isa = PBXFileReference; lastKnownFileType = sourcecode.c.objc; path = AppDelegate.m; sourceTree = "<group>"; };
		932C310C20A539380079BA6E /* ViewController.h */ = {isa = PBXFileReference; lastKnownFileType = sourcecode.c.h; path = ViewController.h; sourceTree = "<group>"; };
		932C310D20A539380079BA6E /* ViewController.m */ = {isa = PBXFileReference; lastKnownFileType = sourcecode.c.objc; path = ViewController.m; sourceTree = "<group>"; };
		932C311020A539380079BA6E /* Base */ = {isa = PBXFileReference; lastKnownFileType = file.storyboard; name = Base; path = Base.lproj/Main.storyboard; sourceTree = "<group>"; };
		932C311220A539390079BA6E /* Assets.xcassets */ = {isa = PBXFileReference; lastKnownFileType = folder.assetcatalog; path = Assets.xcassets; sourceTree = "<group>"; };
		932C311520A539390079BA6E /* Base */ = {isa = PBXFileReference; lastKnownFileType = file.storyboard; name = Base; path = Base.lproj/LaunchScreen.storyboard; sourceTree = "<group>"; };
		932C311720A539390079BA6E /* Info.plist */ = {isa = PBXFileReference; lastKnownFileType = text.plist.xml; path = Info.plist; sourceTree = "<group>"; };
		932C311820A539390079BA6E /* main.m */ = {isa = PBXFileReference; lastKnownFileType = sourcecode.c.objc; path = main.m; sourceTree = "<group>"; };
		B312B1FE4CD08D5B1F4F69F5 /* Pods-WYGeneralPickerDemo.debug.xcconfig */ = {isa = PBXFileReference; includeInIndex = 1; lastKnownFileType = text.xcconfig; name = "Pods-WYGeneralPickerDemo.debug.xcconfig"; path = "Pods/Target Support Files/Pods-WYGeneralPickerDemo/Pods-WYGeneralPickerDemo.debug.xcconfig"; sourceTree = "<group>"; };
		E0DEB15B7C4CC6634ECA40EA /* libPods-WYGeneralPickerDemo.a */ = {isa = PBXFileReference; explicitFileType = archive.ar; includeInIndex = 0; path = "libPods-WYGeneralPickerDemo.a"; sourceTree = BUILT_PRODUCTS_DIR; };
/* End PBXFileReference section */

/* Begin PBXFrameworksBuildPhase section */
		932C310320A539380079BA6E /* Frameworks */ = {
			isa = PBXFrameworksBuildPhase;
			buildActionMask = 2147483647;
			files = (
				304095D4CBCE3E96ECBEC3D3 /* libPods-WYGeneralPickerDemo.a in Frameworks */,
			);
			runOnlyForDeploymentPostprocessing = 0;
		};
/* End PBXFrameworksBuildPhase section */

/* Begin PBXGroup section */
		299686AF23F14EADACB25547 /* Pods */ = {
			isa = PBXGroup;
			children = (
				B312B1FE4CD08D5B1F4F69F5 /* Pods-WYGeneralPickerDemo.debug.xcconfig */,
				0CBA136355B5A5BBE2BF2C72 /* Pods-WYGeneralPickerDemo.release.xcconfig */,
			);
			name = Pods;
			sourceTree = "<group>";
		};
		790A9BAF6FA34CBF399639C5 /* Frameworks */ = {
			isa = PBXGroup;
			children = (
				E0DEB15B7C4CC6634ECA40EA /* libPods-WYGeneralPickerDemo.a */,
			);
			name = Frameworks;
			sourceTree = "<group>";
		};
		932C30FD20A539380079BA6E = {
			isa = PBXGroup;
			children = (
				932C310820A539380079BA6E /* WYGeneralPickerDemo */,
				932C310720A539380079BA6E /* Products */,
				299686AF23F14EADACB25547 /* Pods */,
				790A9BAF6FA34CBF399639C5 /* Frameworks */,
			);
			sourceTree = "<group>";
		};
		932C310720A539380079BA6E /* Products */ = {
			isa = PBXGroup;
			children = (
				932C310620A539380079BA6E /* WYGeneralPickerDemo.app */,
			);
			name = Products;
			sourceTree = "<group>";
		};
		932C310820A539380079BA6E /* WYGeneralPickerDemo */ = {
			isa = PBXGroup;
			children = (
				932C310920A539380079BA6E /* AppDelegate.h */,
				932C310A20A539380079BA6E /* AppDelegate.m */,
				932C310C20A539380079BA6E /* ViewController.h */,
				932C310D20A539380079BA6E /* ViewController.m */,
				932C310F20A539380079BA6E /* Main.storyboard */,
				932C311220A539390079BA6E /* Assets.xcassets */,
				932C311420A539390079BA6E /* LaunchScreen.storyboard */,
				932C311720A539390079BA6E /* Info.plist */,
				932C311820A539390079BA6E /* main.m */,
			);
			path = WYGeneralPickerDemo;
			sourceTree = "<group>";
		};
/* End PBXGroup section */

/* Begin PBXNativeTarget section */
		932C310520A539380079BA6E /* WYGeneralPickerDemo */ = {
			isa = PBXNativeTarget;
			buildConfigurationList = 932C311C20A539390079BA6E /* Build configuration list for PBXNativeTarget "WYGeneralPickerDemo" */;
			buildPhases = (
				76F0A50744B18B3525D86593 /* [CP] Check Pods Manifest.lock */,
				932C310220A539380079BA6E /* Sources */,
				932C310320A539380079BA6E /* Frameworks */,
				932C310420A539380079BA6E /* Resources */,
				0213C82E66BAAAAC6DFABB45 /* [CP] Embed Pods Frameworks */,
				D08E7D2BD9F4B24650C0C3E2 /* [CP] Copy Pods Resources */,
			);
			buildRules = (
			);
			dependencies = (
			);
			name = WYGeneralPickerDemo;
			productName = WYGeneralPickerDemo;
			productReference = 932C310620A539380079BA6E /* WYGeneralPickerDemo.app */;
			productType = "com.apple.product-type.application";
		};
/* End PBXNativeTarget section */

/* Begin PBXProject section */
		932C30FE20A539380079BA6E /* Project object */ = {
			isa = PBXProject;
			attributes = {
				LastUpgradeCheck = 0930;
				ORGANIZATIONNAME = "wyan assert";
				TargetAttributes = {
					932C310520A539380079BA6E = {
						CreatedOnToolsVersion = 9.3;
					};
				};
			};
			buildConfigurationList = 932C310120A539380079BA6E /* Build configuration list for PBXProject "WYGeneralPickerDemo" */;
			compatibilityVersion = "Xcode 9.3";
			developmentRegion = en;
			hasScannedForEncodings = 0;
			knownRegions = (
				en,
				Base,
			);
			mainGroup = 932C30FD20A539380079BA6E;
			productRefGroup = 932C310720A539380079BA6E /* Products */;
			projectDirPath = "";
			projectRoot = "";
			targets = (
				932C310520A539380079BA6E /* WYGeneralPickerDemo */,
			);
		};
/* End PBXProject section */

/* Begin PBXResourcesBuildPhase section */
		932C310420A539380079BA6E /* Resources */ = {
			isa = PBXResourcesBuildPhase;
			buildActionMask = 2147483647;
			files = (
				932C311620A539390079BA6E /* LaunchScreen.storyboard in Resources */,
				932C311320A539390079BA6E /* Assets.xcassets in Resources */,
				932C311120A539380079BA6E /* Main.storyboard in Resources */,
			);
			runOnlyForDeploymentPostprocessing = 0;
		};
/* End PBXResourcesBuildPhase section */

/* Begin PBXShellScriptBuildPhase section */
		0213C82E66BAAAAC6DFABB45 /* [CP] Embed Pods Frameworks */ = {
			isa = PBXShellScriptBuildPhase;
			buildActionMask = 2147483647;
			files = (
			);
			inputPaths = (
			);
			name = "[CP] Embed Pods Frameworks";
			outputPaths = (
			);
			runOnlyForDeploymentPostprocessing = 0;
			shellPath = /bin/sh;
			shellScript = "\"${SRCROOT}/Pods/Target Support Files/Pods-WYGeneralPickerDemo/Pods-WYGeneralPickerDemo-frameworks.sh\"\n";
			showEnvVarsInLog = 0;
		};
		76F0A50744B18B3525D86593 /* [CP] Check Pods Manifest.lock */ = {
			isa = PBXShellScriptBuildPhase;
			buildActionMask = 2147483647;
			files = (
			);
			inputPaths = (
				"${PODS_PODFILE_DIR_PATH}/Podfile.lock",
				"${PODS_ROOT}/Manifest.lock",
			);
			name = "[CP] Check Pods Manifest.lock";
			outputPaths = (
				"$(DERIVED_FILE_DIR)/Pods-WYGeneralPickerDemo-checkManifestLockResult.txt",
			);
			runOnlyForDeploymentPostprocessing = 0;
			shellPath = /bin/sh;
			shellScript = "diff \"${PODS_PODFILE_DIR_PATH}/Podfile.lock\" \"${PODS_ROOT}/Manifest.lock\" > /dev/null\nif [ $? != 0 ] ; then\n    # print error to STDERR\n    echo \"error: The sandbox is not in sync with the Podfile.lock. Run 'pod install' or update your CocoaPods installation.\" >&2\n    exit 1\nfi\n# This output is used by Xcode 'outputs' to avoid re-running this script phase.\necho \"SUCCESS\" > \"${SCRIPT_OUTPUT_FILE_0}\"\n";
			showEnvVarsInLog = 0;
		};
		D08E7D2BD9F4B24650C0C3E2 /* [CP] Copy Pods Resources */ = {
			isa = PBXShellScriptBuildPhase;
			buildActionMask = 2147483647;
			files = (
			);
			inputPaths = (
			);
			name = "[CP] Copy Pods Resources";
			outputPaths = (
			);
			runOnlyForDeploymentPostprocessing = 0;
			shellPath = /bin/sh;
			shellScript = "\"${SRCROOT}/Pods/Target Support Files/Pods-WYGeneralPickerDemo/Pods-WYGeneralPickerDemo-resources.sh\"\n";
			showEnvVarsInLog = 0;
		};
/* End PBXShellScriptBuildPhase section */

/* Begin PBXSourcesBuildPhase section */
		932C310220A539380079BA6E /* Sources */ = {
			isa = PBXSourcesBuildPhase;
			buildActionMask = 2147483647;
			files = (
				932C310E20A539380079BA6E /* ViewController.m in Sources */,
				932C311920A539390079BA6E /* main.m in Sources */,
				932C310B20A539380079BA6E /* AppDelegate.m in Sources */,
			);
			runOnlyForDeploymentPostprocessing = 0;
		};
/* End PBXSourcesBuildPhase section */

/* Begin PBXVariantGroup section */
		932C310F20A539380079BA6E /* Main.storyboard */ = {
			isa = PBXVariantGroup;
			children = (
				932C311020A539380079BA6E /* Base */,
			);
			name = Main.storyboard;
			sourceTree = "<group>";
		};
		932C311420A539390079BA6E /* LaunchScreen.storyboard */ = {
			isa = PBXVariantGroup;
			children = (
				932C311520A539390079BA6E /* Base */,
			);
			name = LaunchScreen.storyboard;
			sourceTree = "<group>";
		};
/* End PBXVariantGroup section */

/* Begin XCBuildConfiguration section */
		932C311A20A539390079BA6E /* Debug */ = {
			isa = XCBuildConfiguration;
			buildSettings = {
				ALWAYS_SEARCH_USER_PATHS = NO;
				CLANG_ANALYZER_NONNULL = YES;
				CLANG_ANALYZER_NUMBER_OBJECT_CONVERSION = YES_AGGRESSIVE;
				CLANG_CXX_LANGUAGE_STANDARD = "gnu++14";
				CLANG_CXX_LIBRARY = "libc++";
				CLANG_ENABLE_MODULES = YES;
				CLANG_ENABLE_OBJC_ARC = YES;
				CLANG_ENABLE_OBJC_WEAK = YES;
				CLANG_WARN_BLOCK_CAPTURE_AUTORELEASING = YES;
				CLANG_WARN_BOOL_CONVERSION = YES;
				CLANG_WARN_COMMA = YES;
				CLANG_WARN_CONSTANT_CONVERSION = YES;
				CLANG_WARN_DEPRECATED_OBJC_IMPLEMENTATIONS = YES;
				CLANG_WARN_DIRECT_OBJC_ISA_USAGE = YES_ERROR;
				CLANG_WARN_DOCUMENTATION_COMMENTS = YES;
				CLANG_WARN_EMPTY_BODY = YES;
				CLANG_WARN_ENUM_CONVERSION = YES;
				CLANG_WARN_INFINITE_RECURSION = YES;
				CLANG_WARN_INT_CONVERSION = YES;
				CLANG_WARN_NON_LITERAL_NULL_CONVERSION = YES;
				CLANG_WARN_OBJC_IMPLICIT_RETAIN_SELF = YES;
				CLANG_WARN_OBJC_LITERAL_CONVERSION = YES;
				CLANG_WARN_OBJC_ROOT_CLASS = YES_ERROR;
				CLANG_WARN_RANGE_LOOP_ANALYSIS = YES;
				CLANG_WARN_STRICT_PROTOTYPES = YES;
				CLANG_WARN_SUSPICIOUS_MOVE = YES;
				CLANG_WARN_UNGUARDED_AVAILABILITY = YES_AGGRESSIVE;
				CLANG_WARN_UNREACHABLE_CODE = YES;
				CLANG_WARN__DUPLICATE_METHOD_MATCH = YES;
				CODE_SIGN_IDENTITY = "iPhone Developer";
				COPY_PHASE_STRIP = NO;
				DEBUG_INFORMATION_FORMAT = dwarf;
				ENABLE_STRICT_OBJC_MSGSEND = YES;
				ENABLE_TESTABILITY = YES;
				GCC_C_LANGUAGE_STANDARD = gnu11;
				GCC_DYNAMIC_NO_PIC = NO;
				GCC_NO_COMMON_BLOCKS = YES;
				GCC_OPTIMIZATION_LEVEL = 0;
				GCC_PREPROCESSOR_DEFINITIONS = (
					"DEBUG=1",
					"$(inherited)",
				);
				GCC_WARN_64_TO_32_BIT_CONVERSION = YES;
				GCC_WARN_ABOUT_RETURN_TYPE = YES_ERROR;
				GCC_WARN_UNDECLARED_SELECTOR = YES;
				GCC_WARN_UNINITIALIZED_AUTOS = YES_AGGRESSIVE;
				GCC_WARN_UNUSED_FUNCTION = YES;
				GCC_WARN_UNUSED_VARIABLE = YES;
				IPHONEOS_DEPLOYMENT_TARGET = 11.3;
				MTL_ENABLE_DEBUG_INFO = YES;
				ONLY_ACTIVE_ARCH = YES;
				SDKROOT = iphoneos;
			};
			name = Debug;
		};
		932C311B20A539390079BA6E /* Release */ = {
			isa = XCBuildConfiguration;
			buildSettings = {
				ALWAYS_SEARCH_USER_PATHS = NO;
				CLANG_ANALYZER_NONNULL = YES;
				CLANG_ANALYZER_NUMBER_OBJECT_CONVERSION = YES_AGGRESSIVE;
				CLANG_CXX_LANGUAGE_STANDARD = "gnu++14";
				CLANG_CXX_LIBRARY = "libc++";
				CLANG_ENABLE_MODULES = YES;
				CLANG_ENABLE_OBJC_ARC = YES;
				CLANG_ENABLE_OBJC_WEAK = YES;
				CLANG_WARN_BLOCK_CAPTURE_AUTORELEASING = YES;
				CLANG_WARN_BOOL_CONVERSION = YES;
				CLANG_WARN_COMMA = YES;
				CLANG_WARN_CONSTANT_CONVERSION = YES;
				CLANG_WARN_DEPRECATED_OBJC_IMPLEMENTATIONS = YES;
				CLANG_WARN_DIRECT_OBJC_ISA_USAGE = YES_ERROR;
				CLANG_WARN_DOCUMENTATION_COMMENTS = YES;
				CLANG_WARN_EMPTY_BODY = YES;
				CLANG_WARN_ENUM_CONVERSION = YES;
				CLANG_WARN_INFINITE_RECURSION = YES;
				CLANG_WARN_INT_CONVERSION = YES;
				CLANG_WARN_NON_LITERAL_NULL_CONVERSION = YES;
				CLANG_WARN_OBJC_IMPLICIT_RETAIN_SELF = YES;
				CLANG_WARN_OBJC_LITERAL_CONVERSION = YES;
				CLANG_WARN_OBJC_ROOT_CLASS = YES_ERROR;
				CLANG_WARN_RANGE_LOOP_ANALYSIS = YES;
				CLANG_WARN_STRICT_PROTOTYPES = YES;
				CLANG_WARN_SUSPICIOUS_MOVE = YES;
				CLANG_WARN_UNGUARDED_AVAILABILITY = YES_AGGRESSIVE;
				CLANG_WARN_UNREACHABLE_CODE = YES;
				CLANG_WARN__DUPLICATE_METHOD_MATCH = YES;
				CODE_SIGN_IDENTITY = "iPhone Developer";
				COPY_PHASE_STRIP = NO;
				DEBUG_INFORMATION_FORMAT = "dwarf-with-dsym";
				ENABLE_NS_ASSERTIONS = NO;
				ENABLE_STRICT_OBJC_MSGSEND = YES;
				GCC_C_LANGUAGE_STANDARD = gnu11;
				GCC_NO_COMMON_BLOCKS = YES;
				GCC_WARN_64_TO_32_BIT_CONVERSION = YES;
				GCC_WARN_ABOUT_RETURN_TYPE = YES_ERROR;
				GCC_WARN_UNDECLARED_SELECTOR = YES;
				GCC_WARN_UNINITIALIZED_AUTOS = YES_AGGRESSIVE;
				GCC_WARN_UNUSED_FUNCTION = YES;
				GCC_WARN_UNUSED_VARIABLE = YES;
				IPHONEOS_DEPLOYMENT_TARGET = 11.3;
				MTL_ENABLE_DEBUG_INFO = NO;
				SDKROOT = iphoneos;
				VALIDATE_PRODUCT = YES;
			};
			name = Release;
		};
		932C311D20A539390079BA6E /* Debug */ = {
			isa = XCBuildConfiguration;
			baseConfigurationReference = B312B1FE4CD08D5B1F4F69F5 /* Pods-WYGeneralPickerDemo.debug.xcconfig */;
			buildSettings = {
				ASSETCATALOG_COMPILER_APPICON_NAME = AppIcon;
				CODE_SIGN_STYLE = Automatic;
				DEVELOPMENT_TEAM = WDSNS842MX;
				INFOPLIST_FILE = WYGeneralPickerDemo/Info.plist;
				LD_RUNPATH_SEARCH_PATHS = "$(inherited) @executable_path/Frameworks";
				PRODUCT_BUNDLE_IDENTIFIER = com.wyanassert.generalPicker.WYGeneralPickerDemo;
				PRODUCT_NAME = "$(TARGET_NAME)";
				TARGETED_DEVICE_FAMILY = "1,2";
			};
			name = Debug;
		};
		932C311E20A539390079BA6E /* Release */ = {
			isa = XCBuildConfiguration;
			baseConfigurationReference = 0CBA136355B5A5BBE2BF2C72 /* Pods-WYGeneralPickerDemo.release.xcconfig */;
			buildSettings = {
				ASSETCATALOG_COMPILER_APPICON_NAME = AppIcon;
				CODE_SIGN_STYLE = Automatic;
				DEVELOPMENT_TEAM = WDSNS842MX;
				INFOPLIST_FILE = WYGeneralPickerDemo/Info.plist;
				LD_RUNPATH_SEARCH_PATHS = "$(inherited) @executable_path/Frameworks";
				PRODUCT_BUNDLE_IDENTIFIER = com.wyanassert.generalPicker.WYGeneralPickerDemo;
				PRODUCT_NAME = "$(TARGET_NAME)";
				TARGETED_DEVICE_FAMILY = "1,2";
			};
			name = Release;
		};
/* End XCBuildConfiguration section */

/* Begin XCConfigurationList section */
		932C310120A539380079BA6E /* Build configuration list for PBXProject "WYGeneralPickerDemo" */ = {
			isa = XCConfigurationList;
			buildConfigurations = (
				932C311A20A539390079BA6E /* Debug */,
				932C311B20A539390079BA6E /* Release */,
			);
			defaultConfigurationIsVisible = 0;
			defaultConfigurationName = Release;
		};
		932C311C20A539390079BA6E /* Build configuration list for PBXNativeTarget "WYGeneralPickerDemo" */ = {
			isa = XCConfigurationList;
			buildConfigurations = (
				932C311D20A539390079BA6E /* Debug */,
				932C311E20A539390079BA6E /* Release */,
			);
			defaultConfigurationIsVisible = 0;
			defaultConfigurationName = Release;
		};
/* End XCConfigurationList section */
	};
	rootObject = 932C30FE20A539380079BA6E /* Project object */;
}
